Microsoft Visual Studio Solution File, Format Version 11.00
# Visual Studio 2008

Project("{77E46EF8-7AF9-977B-21EA-6733C99401A1}") = "JackRabbitGame", "Assembly-CSharp.csproj", "{AB164A9D-BACF-3310-331A-179810FBD30F}"
EndProject
Global
	GlobalSection(SolutionConfigurationPlatforms) = preSolution
		Debug|Any CPU = Debug|Any CPU
		Release|Any CPU = Release|Any CPU
	EndGlobalSection
	GlobalSection(ProjectConfigurationPlatforms) = postSolution
		{AB164A9D-BACF-3310-331A-179810FBD30F}.Debug|Any CPU.ActiveCfg = Debug|Any CPU
		{AB164A9D-BACF-3310-331A-179810FBD30F}.Debug|Any CPU.Build.0 = Debug|Any CPU
		{AB164A9D-BACF-3310-331A-179810FBD30F}.Release|Any CPU.ActiveCfg = Release|Any CPU
		{AB164A9D-BACF-3310-331A-179810FBD30F}.Release|Any CPU.Build.0 = Release|Any CPU
	EndGlobalSection
	GlobalSection(SolutionProperties) = preSolution
		HideSolutionNode = FALSE
	EndGlobalSection
	GlobalSection(MonoDevelopProperties) = preSolution
		StartupItem = Assembly-CSharp.csproj
	EndGlobalSection
EndGlobal
